# This file is automatically @generated by Cargo.
# It is not intended for manual editing.
[[package]]
name = "cargo-snippet"
version = "0.6.1"
source = "registry+https://github.com/rust-lang/crates.io-index"

[[package]]
name = "rust_cp_snippets"
version = "0.1.0"
dependencies = [
 "cargo-snippet 0.6.1 (registry+https://github.com/rust-lang/crates.io-index)",
]

[metadata]
"checksum cargo-snippet 0.6.1 (registry+https://github.com/rust-lang/crates.io-index)" = "2a672b91fc430f77ed2ef3631f02d23b97b8a03872d6b01cc6a5ca5460b5a2ed"
